{
  "checksum": "989225da24d4c64fb6360562736afd081956602cfaf28457997376e63f71899c",
  "conditions": {
    "aarch64-apple-darwin": [
      "aarch64-apple-darwin"
    ],
    "aarch64-unknown-linux-gnu": [
      "aarch64-unknown-linux-gnu"
    ],
    "cfg(any())": [],
    "wasm32-unknown-unknown": [
      "wasm32-unknown-unknown"
    ],
    "wasm32-wasip1": [
      "wasm32-wasip1"
    ],
    "x86_64-pc-windows-msvc": [
      "x86_64-pc-windows-msvc"
    ],
    "x86_64-unknown-linux-gnu": [
      "x86_64-unknown-linux-gnu"
    ],
    "x86_64-unknown-nixos-gnu": [
      "x86_64-unknown-nixos-gnu"
    ]
  },
  "crates": {
    "anyhow 1.0.104": {
      "build_script_attrs": {},
      "common_attrs": {
        "crate_features": [
          "default",
          "std"
        ],
        "edition": "2021",
        "extra_deps": [
          ":build_script_build"
        ]
      },
      "library_target_name": "anyhow",
      "license": "MIT OR Apache-2.0",
      "license_file": "LICENSE-APACHE",
      "license_ids": [
        "Apache-2.0",
        "MIT"
      ],
      "name": "anyhow",
      "package_url": "https://github.com/dtolnay/anyhow",
      "repository": {
        "Http": {
          "sha256": "330a5ed07fa54e4702c9d6c4174f74427fc0ef6e214bbd677ae50a5099946470",
          "url": "https://static.crates.io/crates/anyhow/1.0.104/download"
        }
      },
      "targets": [
        {
          "Library": {
            "crate_name": "anyhow",
            "crate_root": "src/lib.rs"
          }
        },
        {
          "BuildScript": {
            "crate_name": "build_script_build",
            "crate_root": "build.rs"
          }
        }
      ],
      "version": "1.0.104"
    },
    "bcr_smoke_rust 0.1.0": {
      "common_attrs": {
        "deps": [
          {
            "id": "anyhow 1.0.104",
            "target": "anyhow"
          },
          {
            "id": "serde 1.0.229",
            "target": "serde"
          },
          {
            "id": "serde_json 1.0.151",
            "target": "serde_json"
          }
        ],
        "edition": "2021"
      },
      "library_target_name": "bcr_smoke_rust",
      "name": "bcr_smoke_rust",
      "repository": null,
      "targets": [
        {
          "Library": {
            "crate_name": "bcr_smoke_rust",
            "crate_root": "src/lib.rs"
          }
        }
      ],
      "version": "0.1.0"
    },
    "itoa 1.0.18": {
      "common_attrs": {
        "edition": "2021"
      },
      "library_target_name": "itoa",
      "license": "MIT OR Apache-2.0",
      "license_file": "LICENSE-APACHE",
      "license_ids": [
        "Apache-2.0",
        "MIT"
      ],
      "name": "itoa",
      "package_url": "https://github.com/dtolnay/itoa",
      "repository": {
        "Http": {
          "sha256": "8f42a60cbdf9a97f5d2305f08a87dc4e09308d1276d28c869c684d7777685682",
          "url": "https://static.crates.io/crates/itoa/1.0.18/download"
        }
      },
      "targets": [
        {
          "Library": {
            "crate_name": "itoa",
            "crate_root": "src/lib.rs"
          }
        }
      ],
      "version": "1.0.18"
    },
    "memchr 2.8.3": {
      "common_attrs": {
        "crate_features": [
          "alloc",
          "std"
        ],
        "edition": "2021"
      },
      "library_target_name": "memchr",
      "license": "Unlicense OR MIT",
      "license_file": "LICENSE-MIT",
      "license_ids": [
        "MIT",
        "Unlicense"
      ],
      "name": "memchr",
      "package_url": "https://github.com/BurntSushi/memchr",
      "repository": {
        "Http": {
          "sha256": "cf8baf1c55e62ffcace7a9f06f4bd9cd3f0c4beb022d3b367256b91b87513d98",
          "url": "https://static.crates.io/crates/memchr/2.8.3/download"
        }
      },
      "targets": [
        {
          "Library": {
            "crate_name": "memchr",
            "crate_root": "src/lib.rs"
          }
        }
      ],
      "version": "2.8.3"
    },
    "proc-macro2 1.0.107": {
      "build_script_attrs": {},
      "common_attrs": {
        "crate_features": [
          "proc-macro"
        ],
        "deps": [
          {
            "id": "unicode-ident 1.0.26",
            "target": "unicode_ident"
          }
        ],
        "edition": "2021",
        "extra_deps": [
          ":build_script_build"
        ]
      },
      "library_target_name": "proc_macro2",
      "license": "MIT OR Apache-2.0",
      "license_file": "LICENSE-APACHE",
      "license_ids": [
        "Apache-2.0",
        "MIT"
      ],
      "name": "proc-macro2",
      "package_url": "https://github.com/dtolnay/proc-macro2",
      "repository": {
        "Http": {
          "sha256": "985e7ec9bb745e6ce6535b544d84d6cd6f7ad8bd711c398938ae983b91a766d9",
          "url": "https://static.crates.io/crates/proc-macro2/1.0.107/download"
        }
      },
      "targets": [
        {
          "Library": {
            "crate_name": "proc_macro2",
            "crate_root": "src/lib.rs"
          }
        },
        {
          "BuildScript": {
            "crate_name": "build_script_build",
            "crate_root": "build.rs"
          }
        }
      ],
      "version": "1.0.107"
    },
    "quote 1.0.47": {
      "build_script_attrs": {},
      "common_attrs": {
        "crate_features": [
          "proc-macro"
        ],
        "deps": [
          {
            "id": "proc-macro2 1.0.107",
            "target": "proc_macro2"
          }
        ],
        "edition": "2021",
        "extra_deps": [
          ":build_script_build"
        ]
      },
      "library_target_name": "quote",
      "license": "MIT OR Apache-2.0",
      "license_file": "LICENSE-APACHE",
      "license_ids": [
        "Apache-2.0",
        "MIT"
      ],
      "name": "quote",
      "package_url": "https://github.com/dtolnay/quote",
      "repository": {
        "Http": {
          "sha256": "1fbf4db142a473a8d80c26bbf18454ed458bf8d26c8219c331daecfdbd079001",
          "url": "https://static.crates.io/crates/quote/1.0.47/download"
        }
      },
      "targets": [
        {
          "Library": {
            "crate_name": "quote",
            "crate_root": "src/lib.rs"
          }
        },
        {
          "BuildScript": {
            "crate_name": "build_script_build",
            "crate_root": "build.rs"
          }
        }
      ],
      "version": "1.0.47"
    },
    "serde 1.0.229": {
      "build_script_attrs": {},
      "common_attrs": {
        "crate_features": [
          "default",
          "derive",
          "serde_derive",
          "std"
        ],
        "deps": [
          {
            "id": "serde_core 1.0.229",
            "target": "serde_core"
          }
        ],
        "edition": "2021",
        "extra_deps": [
          ":build_script_build"
        ],
        "proc_macro_deps": [
          {
            "id": "serde_derive 1.0.229",
            "target": "serde_derive"
          }
        ]
      },
      "library_target_name": "serde",
      "license": "MIT OR Apache-2.0",
      "license_file": "LICENSE-APACHE",
      "license_ids": [
        "Apache-2.0",
        "MIT"
      ],
      "name": "serde",
      "package_url": "https://github.com/serde-rs/serde",
      "repository": {
        "Http": {
          "sha256": "4148590afebada386688f18773da617792bf2ef03ffc1e4cbd2b1d45b023e0ba",
          "url": "https://static.crates.io/crates/serde/1.0.229/download"
        }
      },
      "targets": [
        {
          "Library": {
            "crate_name": "serde",
            "crate_root": "src/lib.rs"
          }
        },
        {
          "BuildScript": {
            "crate_name": "build_script_build",
            "crate_root": "build.rs"
          }
        }
      ],
      "version": "1.0.229"
    },
    "serde_core 1.0.229": {
      "build_script_attrs": {},
      "common_attrs": {
        "crate_features": [
          "result",
          "std"
        ],
        "edition": "2021",
        "extra_deps": [
          ":build_script_build"
        ],
        "proc_macro_deps": {
          "common": [],
          "selects": {
            "cfg(any())": [
              {
                "id": "serde_derive 1.0.229",
                "target": "serde_derive"
              }
            ]
          }
        }
      },
      "library_target_name": "serde_core",
      "license": "MIT OR Apache-2.0",
      "license_file": "LICENSE-APACHE",
      "license_ids": [
        "Apache-2.0",
        "MIT"
      ],
      "name": "serde_core",
      "package_url": "https://github.com/serde-rs/serde",
      "repository": {
        "Http": {
          "sha256": "67dca2c9c51e58a4791a4b1ed58308b39c64224d349a935ab5039aa360942a48",
          "url": "https://static.crates.io/crates/serde_core/1.0.229/download"
        }
      },
      "targets": [
        {
          "Library": {
            "crate_name": "serde_core",
            "crate_root": "src/lib.rs"
          }
        },
        {
          "BuildScript": {
            "crate_name": "build_script_build",
            "crate_root": "build.rs"
          }
        }
      ],
      "version": "1.0.229"
    },
    "serde_derive 1.0.229": {
      "common_attrs": {
        "crate_features": [
          "default"
        ],
        "deps": [
          {
            "id": "proc-macro2 1.0.107",
            "target": "proc_macro2"
          },
          {
            "id": "quote 1.0.47",
            "target": "quote"
          },
          {
            "id": "syn 3.0.6",
            "target": "syn"
          }
        ],
        "edition": "2021"
      },
      "library_target_name": "serde_derive",
      "license": "MIT OR Apache-2.0",
      "license_file": "LICENSE-APACHE",
      "license_ids": [
        "Apache-2.0",
        "MIT"
      ],
      "name": "serde_derive",
      "package_url": "https://github.com/serde-rs/serde",
      "repository": {
        "Http": {
          "sha256": "e7a5d71263a5a7d47b41f6b3f06ba276f10cc18b0931f1799f710578e2309348",
          "url": "https://static.crates.io/crates/serde_derive/1.0.229/download"
        }
      },
      "targets": [
        {
          "ProcMacro": {
            "crate_name": "serde_derive",
            "crate_root": "src/lib.rs"
          }
        }
      ],
      "version": "1.0.229"
    },
    "serde_json 1.0.151": {
      "build_script_attrs": {},
      "common_attrs": {
        "crate_features": [
          "default",
          "std"
        ],
        "deps": {
          "common": [
            {
              "id": "itoa 1.0.18",
              "target": "itoa"
            },
            {
              "id": "memchr 2.8.3",
              "target": "memchr"
            },
            {
              "id": "serde_core 1.0.229",
              "target": "serde_core"
            },
            {
              "id": "zmij 1.0.23",
              "target": "zmij"
            }
          ],
          "selects": {
            "cfg(any())": [
              {
                "id": "serde 1.0.229",
                "target": "serde"
              }
            ]
          }
        },
        "edition": "2021",
        "extra_deps": [
          ":build_script_build"
        ]
      },
      "library_target_name": "serde_json",
      "license": "MIT OR Apache-2.0",
      "license_file": "LICENSE-APACHE",
      "license_ids": [
        "Apache-2.0",
        "MIT"
      ],
      "name": "serde_json",
      "package_url": "https://github.com/serde-rs/json",
      "repository": {
        "Http": {
          "sha256": "c841b55ecdae098c80dcae9cf767f6f8a0c2cdb3416bbef72181df4d0fe73f14",
          "url": "https://static.crates.io/crates/serde_json/1.0.151/download"
        }
      },
      "targets": [
        {
          "Library": {
            "crate_name": "serde_json",
            "crate_root": "src/lib.rs"
          }
        },
        {
          "BuildScript": {
            "crate_name": "build_script_build",
            "crate_root": "build.rs"
          }
        }
      ],
      "version": "1.0.151"
    },
    "syn 3.0.6": {
      "common_attrs": {
        "crate_features": [
          "clone-impls",
          "derive",
          "parsing",
          "printing",
          "proc-macro"
        ],
        "deps": [
          {
            "id": "proc-macro2 1.0.107",
            "target": "proc_macro2"
          },
          {
            "id": "quote 1.0.47",
            "target": "quote"
          },
          {
            "id": "unicode-ident 1.0.26",
            "target": "unicode_ident"
          }
        ],
        "edition": "2021"
      },
      "library_target_name": "syn",
      "license": "MIT OR Apache-2.0",
      "license_file": "LICENSE-APACHE",
      "license_ids": [
        "Apache-2.0",
        "MIT"
      ],
      "name": "syn",
      "package_url": "https://github.com/dtolnay/syn",
      "repository": {
        "Http": {
          "sha256": "8593e8e72159ed2257d083c7a454a85cbf854f37a0966d8d483aff8c8a3ebcee",
          "url": "https://static.crates.io/crates/syn/3.0.6/download"
        }
      },
      "targets": [
        {
          "Library": {
            "crate_name": "syn",
            "crate_root": "src/lib.rs"
          }
        }
      ],
      "version": "3.0.6"
    },
    "unicode-ident 1.0.26": {
      "common_attrs": {
        "edition": "2021"
      },
      "library_target_name": "unicode_ident",
      "license": "(MIT OR Apache-2.0) AND Unicode-3.0",
      "license_file": "LICENSE-APACHE",
      "license_ids": [
        "Apache-2.0",
        "MIT",
        "Unicode-3.0"
      ],
      "name": "unicode-ident",
      "package_url": "https://github.com/dtolnay/unicode-ident",
      "repository": {
        "Http": {
          "sha256": "d245f478577f809a851594d02313b640fb437e0bb33866753cff937863096954",
          "url": "https://static.crates.io/crates/unicode-ident/1.0.26/download"
        }
      },
      "targets": [
        {
          "Library": {
            "crate_name": "unicode_ident",
            "crate_root": "src/lib.rs"
          }
        }
      ],
      "version": "1.0.26"
    },
    "zmij 1.0.23": {
      "build_script_attrs": {},
      "common_attrs": {
        "edition": "2021",
        "extra_deps": [
          ":build_script_build"
        ]
      },
      "library_target_name": "zmij",
      "license": "MIT",
      "license_file": "LICENSE-MIT",
      "license_ids": [
        "MIT"
      ],
      "name": "zmij",
      "package_url": "https://github.com/dtolnay/zmij",
      "repository": {
        "Http": {
          "sha256": "29666d0abbfad1e3dc4dcf6144730dd3a3ab225bbbdac83319345b1b44ccfc1b",
          "url": "https://static.crates.io/crates/zmij/1.0.23/download"
        }
      },
      "targets": [
        {
          "Library": {
            "crate_name": "zmij",
            "crate_root": "src/lib.rs"
          }
        },
        {
          "BuildScript": {
            "crate_name": "build_script_build",
            "crate_root": "build.rs"
          }
        }
      ],
      "version": "1.0.23"
    }
  },
  "direct_deps": [
    "anyhow 1.0.104",
    "serde 1.0.229",
    "serde_json 1.0.151"
  ],
  "direct_dev_deps": [],
  "workspace_members": {
    "bcr_smoke_rust 0.1.0": "rust"
  }
}
